
Microsoft Visual Studio Solution File, Format Version 12.00
Project("{FAE04EC0-301F-11D3-BF4B-00C04F79EFBC}") = "ConvertOldJsonFiles", "ConvertOldJsonFiles.csproj", "{32EBFFF4-D56F-43A7-8069-FC8CD2665B63}"
EndProject
Global
	GlobalSection(SolutionConfigurationPlatforms) = preSolution
		Debug|Any CPU = Debug|Any CPU
		Release|Any CPU = Release|Any CPU
	EndGlobalSection
	GlobalSection(ProjectConfigurationPlatforms) = postSolution
		{32EBFFF4-D56F-43A7-8069-FC8CD2665B63}.Debug|Any CPU.ActiveCfg = Debug|Any CPU
		{32EBFFF4-D56F-43A7-8069-FC8CD2665B63}.Debug|Any CPU.Build.0 = Debug|Any CPU
		{32EBFFF4-D56F-43A7-8069-FC8CD2665B63}.Release|Any CPU.ActiveCfg = Release|Any CPU
		{32EBFFF4-D56F-43A7-8069-FC8CD2665B63}.Release|Any CPU.Build.0 = Release|Any CPU
	EndGlobalSection
EndGlobal
